
Microsoft Visual Studio Solution File, Format Version 12.00
# Visual Studio Version 17
VisualStudioVersion = 17.8.34330.188
MinimumVisualStudioVersion = 10.0.40219.1
Project("{9A19103F-16F7-4668-BE54-9A1E7A4F7556}") = "MoreleOutletTracker", "MoreleOutletTracker.csproj", "{7B59AAD1-FF06-4F4C-8FF4-07D6C391F1FD}"
EndProject
Global
	GlobalSection(SolutionConfigurationPlatforms) = preSolution
		Debug|Any CPU = Debug|Any CPU
		Release|Any CPU = Release|Any CPU
	EndGlobalSection
	GlobalSection(ProjectConfigurationPlatforms) = postSolution
		{7B59AAD1-FF06-4F4C-8FF4-07D6C391F1FD}.Debug|Any CPU.ActiveCfg = Debug|Any CPU
		{7B59AAD1-FF06-4F4C-8FF4-07D6C391F1FD}.Debug|Any CPU.Build.0 = Debug|Any CPU
		{7B59AAD1-FF06-4F4C-8FF4-07D6C391F1FD}.Release|Any CPU.ActiveCfg = Release|Any CPU
		{7B59AAD1-FF06-4F4C-8FF4-07D6C391F1FD}.Release|Any CPU.Build.0 = Release|Any CPU
	EndGlobalSection
	GlobalSection(SolutionProperties) = preSolution
		HideSolutionNode = FALSE
	EndGlobalSection
	GlobalSection(ExtensibilityGlobals) = postSolution
		SolutionGuid = {5632EC5B-AF43-4093-95CE-79F54696D386}
	EndGlobalSection
EndGlobal
